
Microsoft Visual Studio Solution File, Format Version 12.00
# Visual Studio Version 17
VisualStudioVersion = 17.13.35931.197
MinimumVisualStudioVersion = 10.0.40219.1
Project("{FAE04EC0-301F-11D3-BF4B-00C04F79EFBC}") = "Laba1.01", "Laba1.01.csproj", "{E992EE35-7812-4215-A0E2-4CBF6CA3BF38}"
EndProject
Project("{2150E333-8FDC-42A3-9474-1A3956D46DE8}") = "Laba1", "Laba1", "{02EA681E-C7D8-13C7-8484-4AC65E1B71E8}"
	ProjectSection(SolutionItems) = preProject
		AbstractFactory.cs = AbstractFactory.cs
		Builder.cs = Builder.cs
		MethodFactory.cs = MethodFactory.cs
		Program.cs = Program.cs
		Prototype.cs = Prototype.cs
		Singleton.cs = Singleton.cs
	EndProjectSection
EndProject
Global
	GlobalSection(SolutionConfigurationPlatforms) = preSolution
		Debug|Any CPU = Debug|Any CPU
		Release|Any CPU = Release|Any CPU
	EndGlobalSection
	GlobalSection(ProjectConfigurationPlatforms) = postSolution
		{E992EE35-7812-4215-A0E2-4CBF6CA3BF38}.Debug|Any CPU.ActiveCfg = Debug|Any CPU
		{E992EE35-7812-4215-A0E2-4CBF6CA3BF38}.Debug|Any CPU.Build.0 = Debug|Any CPU
		{E992EE35-7812-4215-A0E2-4CBF6CA3BF38}.Release|Any CPU.ActiveCfg = Release|Any CPU
		{E992EE35-7812-4215-A0E2-4CBF6CA3BF38}.Release|Any CPU.Build.0 = Release|Any CPU
	EndGlobalSection
	GlobalSection(SolutionProperties) = preSolution
		HideSolutionNode = FALSE
	EndGlobalSection
	GlobalSection(ExtensibilityGlobals) = postSolution
		SolutionGuid = {FA9F73DF-3DCF-4EA6-B899-4C909795F4BE}
	EndGlobalSection
EndGlobal
