
Microsoft Visual Studio Solution File, Format Version 12.00
# Visual Studio Version 17
VisualStudioVersion = 17.13.35931.197 d17.13
MinimumVisualStudioVersion = 10.0.40219.1
Project("{FAE04EC0-301F-11D3-BF4B-00C04F79EFBC}") = "Laba04_task1", "Laba04_task1.csproj", "{61D787D6-BC58-4FB7-ADBF-4F8B8ADE4412}"
EndProject
Global
	GlobalSection(SolutionConfigurationPlatforms) = preSolution
		Debug|Any CPU = Debug|Any CPU
		Release|Any CPU = Release|Any CPU
	EndGlobalSection
	GlobalSection(ProjectConfigurationPlatforms) = postSolution
		{61D787D6-BC58-4FB7-ADBF-4F8B8ADE4412}.Debug|Any CPU.ActiveCfg = Debug|Any CPU
		{61D787D6-BC58-4FB7-ADBF-4F8B8ADE4412}.Debug|Any CPU.Build.0 = Debug|Any CPU
		{61D787D6-BC58-4FB7-ADBF-4F8B8ADE4412}.Release|Any CPU.ActiveCfg = Release|Any CPU
		{61D787D6-BC58-4FB7-ADBF-4F8B8ADE4412}.Release|Any CPU.Build.0 = Release|Any CPU
	EndGlobalSection
	GlobalSection(SolutionProperties) = preSolution
		HideSolutionNode = FALSE
	EndGlobalSection
	GlobalSection(ExtensibilityGlobals) = postSolution
		SolutionGuid = {4B3F8789-27D3-4375-992F-9F90AA7C852F}
	EndGlobalSection
EndGlobal
