
Microsoft Visual Studio Solution File, Format Version 12.00
# Visual Studio Version 17
VisualStudioVersion = 17.13.35931.197 d17.13
MinimumVisualStudioVersion = 10.0.40219.1
Project("{FAE04EC0-301F-11D3-BF4B-00C04F79EFBC}") = "Laba02Task1", "Laba02Task1.csproj", "{9FA7EC63-AE5B-4F56-8AD8-8E03FC61B20D}"
EndProject
Global
	GlobalSection(SolutionConfigurationPlatforms) = preSolution
		Debug|Any CPU = Debug|Any CPU
		Release|Any CPU = Release|Any CPU
	EndGlobalSection
	GlobalSection(ProjectConfigurationPlatforms) = postSolution
		{9FA7EC63-AE5B-4F56-8AD8-8E03FC61B20D}.Debug|Any CPU.ActiveCfg = Debug|Any CPU
		{9FA7EC63-AE5B-4F56-8AD8-8E03FC61B20D}.Debug|Any CPU.Build.0 = Debug|Any CPU
		{9FA7EC63-AE5B-4F56-8AD8-8E03FC61B20D}.Release|Any CPU.ActiveCfg = Release|Any CPU
		{9FA7EC63-AE5B-4F56-8AD8-8E03FC61B20D}.Release|Any CPU.Build.0 = Release|Any CPU
	EndGlobalSection
	GlobalSection(SolutionProperties) = preSolution
		HideSolutionNode = FALSE
	EndGlobalSection
	GlobalSection(ExtensibilityGlobals) = postSolution
		SolutionGuid = {1C234BAF-ED02-4501-8A7B-35350E70486F}
	EndGlobalSection
EndGlobal
