
Microsoft Visual Studio Solution File, Format Version 12.00
# Visual Studio Version 17
VisualStudioVersion = 17.13.35931.197 d17.13
MinimumVisualStudioVersion = 10.0.40219.1
Project("{FAE04EC0-301F-11D3-BF4B-00C04F79EFBC}") = "Task1", "Task1.csproj", "{F7427352-55E0-4734-A25C-D22E42B2F0B1}"
EndProject
Global
	GlobalSection(SolutionConfigurationPlatforms) = preSolution
		Debug|Any CPU = Debug|Any CPU
		Release|Any CPU = Release|Any CPU
	EndGlobalSection
	GlobalSection(ProjectConfigurationPlatforms) = postSolution
		{F7427352-55E0-4734-A25C-D22E42B2F0B1}.Debug|Any CPU.ActiveCfg = Debug|Any CPU
		{F7427352-55E0-4734-A25C-D22E42B2F0B1}.Debug|Any CPU.Build.0 = Debug|Any CPU
		{F7427352-55E0-4734-A25C-D22E42B2F0B1}.Release|Any CPU.ActiveCfg = Release|Any CPU
		{F7427352-55E0-4734-A25C-D22E42B2F0B1}.Release|Any CPU.Build.0 = Release|Any CPU
	EndGlobalSection
	GlobalSection(SolutionProperties) = preSolution
		HideSolutionNode = FALSE
	EndGlobalSection
	GlobalSection(ExtensibilityGlobals) = postSolution
		SolutionGuid = {560ED064-277C-49F6-90D9-89346783C7DD}
	EndGlobalSection
EndGlobal
