
Microsoft Visual Studio Solution File, Format Version 12.00
# Visual Studio Version 17
VisualStudioVersion = 17.13.35931.197 d17.13
MinimumVisualStudioVersion = 10.0.40219.1
Project("{FAE04EC0-301F-11D3-BF4B-00C04F79EFBC}") = "Task3", "Task3.csproj", "{A7CE4B25-1A5A-4D18-9A95-15655AE9DA8F}"
EndProject
Global
	GlobalSection(SolutionConfigurationPlatforms) = preSolution
		Debug|Any CPU = Debug|Any CPU
		Release|Any CPU = Release|Any CPU
	EndGlobalSection
	GlobalSection(ProjectConfigurationPlatforms) = postSolution
		{A7CE4B25-1A5A-4D18-9A95-15655AE9DA8F}.Debug|Any CPU.ActiveCfg = Debug|Any CPU
		{A7CE4B25-1A5A-4D18-9A95-15655AE9DA8F}.Debug|Any CPU.Build.0 = Debug|Any CPU
		{A7CE4B25-1A5A-4D18-9A95-15655AE9DA8F}.Release|Any CPU.ActiveCfg = Release|Any CPU
		{A7CE4B25-1A5A-4D18-9A95-15655AE9DA8F}.Release|Any CPU.Build.0 = Release|Any CPU
	EndGlobalSection
	GlobalSection(SolutionProperties) = preSolution
		HideSolutionNode = FALSE
	EndGlobalSection
	GlobalSection(ExtensibilityGlobals) = postSolution
		SolutionGuid = {594DACBD-6CC1-49B3-AFCB-7F09A90484FA}
	EndGlobalSection
EndGlobal
